{
  "name": "@dwatcher/core",
  "version": "1.0.0",
  "lockfileVersion": 3,
  "requires": true,
  "packages": {
    "": {
      "name": "@dwatcher/core",
      "version": "1.0.0",
      "license": "ISC",
      "bin": {
        "dwatcher": "bin/dwatcher.js"
      },
      "engines": {
        "node": ">=20.0.0"
      }
    }
  }
}
